
Microsoft Visual Studio Solution File, Format Version 12.00
# Visual Studio Version 16
VisualStudioVersion = 16.0.30523.141
MinimumVisualStudioVersion = 10.0.40219.1
Project("{9A19103F-16F7-4668-BE54-9A1E7A4F7556}") = "BeerSong", "BeerSong.csproj", "{3E92393F-225A-4A58-A8CB-FF0D04712710}"
EndProject
Global
	GlobalSection(SolutionConfigurationPlatforms) = preSolution
		Debug|Any CPU = Debug|Any CPU
		Release|Any CPU = Release|Any CPU
	EndGlobalSection
	GlobalSection(ProjectConfigurationPlatforms) = postSolution
		{3E92393F-225A-4A58-A8CB-FF0D04712710}.Debug|Any CPU.ActiveCfg = Debug|Any CPU
		{3E92393F-225A-4A58-A8CB-FF0D04712710}.Debug|Any CPU.Build.0 = Debug|Any CPU
		{3E92393F-225A-4A58-A8CB-FF0D04712710}.Release|Any CPU.ActiveCfg = Release|Any CPU
		{3E92393F-225A-4A58-A8CB-FF0D04712710}.Release|Any CPU.Build.0 = Release|Any CPU
	EndGlobalSection
	GlobalSection(SolutionProperties) = preSolution
		HideSolutionNode = FALSE
	EndGlobalSection
	GlobalSection(ExtensibilityGlobals) = postSolution
		SolutionGuid = {26F81B71-F54F-459F-8408-EDF8066BB147}
	EndGlobalSection
EndGlobal
