
Microsoft Visual Studio Solution File, Format Version 12.00
# Visual Studio Version 16
VisualStudioVersion = 16.0.30503.244
MinimumVisualStudioVersion = 10.0.40219.1
Project("{9A19103F-16F7-4668-BE54-9A1E7A4F7556}") = "HelloWorld", "HelloWorld.csproj", "{CCD7D929-B02E-4DBA-BEEA-C440EB615584}"
EndProject
Global
	GlobalSection(SolutionConfigurationPlatforms) = preSolution
		Debug|Any CPU = Debug|Any CPU
		Release|Any CPU = Release|Any CPU
	EndGlobalSection
	GlobalSection(ProjectConfigurationPlatforms) = postSolution
		{CCD7D929-B02E-4DBA-BEEA-C440EB615584}.Debug|Any CPU.ActiveCfg = Debug|Any CPU
		{CCD7D929-B02E-4DBA-BEEA-C440EB615584}.Debug|Any CPU.Build.0 = Debug|Any CPU
		{CCD7D929-B02E-4DBA-BEEA-C440EB615584}.Release|Any CPU.ActiveCfg = Release|Any CPU
		{CCD7D929-B02E-4DBA-BEEA-C440EB615584}.Release|Any CPU.Build.0 = Release|Any CPU
	EndGlobalSection
	GlobalSection(SolutionProperties) = preSolution
		HideSolutionNode = FALSE
	EndGlobalSection
	GlobalSection(ExtensibilityGlobals) = postSolution
		SolutionGuid = {197889E6-26DA-4518-A20C-C4B9154D6E88}
	EndGlobalSection
EndGlobal
