
Microsoft Visual Studio Solution File, Format Version 12.00
# Visual Studio Version 16
VisualStudioVersion = 16.0.30523.141
MinimumVisualStudioVersion = 10.0.40219.1
Project("{9A19103F-16F7-4668-BE54-9A1E7A4F7556}") = "Raindrops", "Raindrops.csproj", "{F3241988-A0CA-4098-AAC5-45F130E1AD80}"
EndProject
Global
	GlobalSection(SolutionConfigurationPlatforms) = preSolution
		Debug|Any CPU = Debug|Any CPU
		Release|Any CPU = Release|Any CPU
	EndGlobalSection
	GlobalSection(ProjectConfigurationPlatforms) = postSolution
		{F3241988-A0CA-4098-AAC5-45F130E1AD80}.Debug|Any CPU.ActiveCfg = Debug|Any CPU
		{F3241988-A0CA-4098-AAC5-45F130E1AD80}.Debug|Any CPU.Build.0 = Debug|Any CPU
		{F3241988-A0CA-4098-AAC5-45F130E1AD80}.Release|Any CPU.ActiveCfg = Release|Any CPU
		{F3241988-A0CA-4098-AAC5-45F130E1AD80}.Release|Any CPU.Build.0 = Release|Any CPU
	EndGlobalSection
	GlobalSection(SolutionProperties) = preSolution
		HideSolutionNode = FALSE
	EndGlobalSection
	GlobalSection(ExtensibilityGlobals) = postSolution
		SolutionGuid = {A275ECC4-38B3-4BBE-AF23-86FE72BCD9DF}
	EndGlobalSection
EndGlobal
