
Microsoft Visual Studio Solution File, Format Version 12.00
# Visual Studio Version 16
VisualStudioVersion = 16.0.30523.141
MinimumVisualStudioVersion = 10.0.40219.1
Project("{9A19103F-16F7-4668-BE54-9A1E7A4F7556}") = "MatchingBrackets", "MatchingBrackets.csproj", "{F4C77F96-1112-488B-8A6C-7900CEBC61DE}"
EndProject
Global
	GlobalSection(SolutionConfigurationPlatforms) = preSolution
		Debug|Any CPU = Debug|Any CPU
		Release|Any CPU = Release|Any CPU
	EndGlobalSection
	GlobalSection(ProjectConfigurationPlatforms) = postSolution
		{F4C77F96-1112-488B-8A6C-7900CEBC61DE}.Debug|Any CPU.ActiveCfg = Debug|Any CPU
		{F4C77F96-1112-488B-8A6C-7900CEBC61DE}.Debug|Any CPU.Build.0 = Debug|Any CPU
		{F4C77F96-1112-488B-8A6C-7900CEBC61DE}.Release|Any CPU.ActiveCfg = Release|Any CPU
		{F4C77F96-1112-488B-8A6C-7900CEBC61DE}.Release|Any CPU.Build.0 = Release|Any CPU
	EndGlobalSection
	GlobalSection(SolutionProperties) = preSolution
		HideSolutionNode = FALSE
	EndGlobalSection
	GlobalSection(ExtensibilityGlobals) = postSolution
		SolutionGuid = {1E49905E-4E67-453E-AABB-5445B7BA98E9}
	EndGlobalSection
EndGlobal
