
Microsoft Visual Studio Solution File, Format Version 12.00
# Visual Studio Version 16
VisualStudioVersion = 16.0.30523.141
MinimumVisualStudioVersion = 10.0.40219.1
Project("{9A19103F-16F7-4668-BE54-9A1E7A4F7556}") = "BinarySearch", "BinarySearch.csproj", "{9FD03B50-8F56-46FE-A700-2E972F3E5204}"
EndProject
Global
	GlobalSection(SolutionConfigurationPlatforms) = preSolution
		Debug|Any CPU = Debug|Any CPU
		Release|Any CPU = Release|Any CPU
	EndGlobalSection
	GlobalSection(ProjectConfigurationPlatforms) = postSolution
		{9FD03B50-8F56-46FE-A700-2E972F3E5204}.Debug|Any CPU.ActiveCfg = Debug|Any CPU
		{9FD03B50-8F56-46FE-A700-2E972F3E5204}.Debug|Any CPU.Build.0 = Debug|Any CPU
		{9FD03B50-8F56-46FE-A700-2E972F3E5204}.Release|Any CPU.ActiveCfg = Release|Any CPU
		{9FD03B50-8F56-46FE-A700-2E972F3E5204}.Release|Any CPU.Build.0 = Release|Any CPU
	EndGlobalSection
	GlobalSection(SolutionProperties) = preSolution
		HideSolutionNode = FALSE
	EndGlobalSection
	GlobalSection(ExtensibilityGlobals) = postSolution
		SolutionGuid = {7DFECBFA-4269-4C19-838A-1219C4EA107F}
	EndGlobalSection
EndGlobal
